
Microsoft Visual Studio Solution File, Format Version 11.00
# Visual Studio 2010
Project("{FAE04EC0-301F-11D3-BF4B-00C04F79EFBC}") = "ComputeAndroidAppUI", "ComputeAndroidAppUI.csproj", "{BB306A1D-7CD6-4967-B0E0-C69B69B5ED8D}"
EndProject
Global
	GlobalSection(SolutionConfigurationPlatforms) = preSolution
		Debug|Any CPU = Debug|Any CPU
		Release|Any CPU = Release|Any CPU
	EndGlobalSection
	GlobalSection(ProjectConfigurationPlatforms) = postSolution
		{BB306A1D-7CD6-4967-B0E0-C69B69B5ED8D}.Debug|Any CPU.ActiveCfg = Debug|Any CPU
		{BB306A1D-7CD6-4967-B0E0-C69B69B5ED8D}.Debug|Any CPU.Build.0 = Debug|Any CPU
		{BB306A1D-7CD6-4967-B0E0-C69B69B5ED8D}.Release|Any CPU.ActiveCfg = Release|Any CPU
		{BB306A1D-7CD6-4967-B0E0-C69B69B5ED8D}.Release|Any CPU.Build.0 = Release|Any CPU
	EndGlobalSection
	GlobalSection(MonoDevelopProperties) = preSolution
		StartupItem = ComputeAndroidAppUI.csproj
	EndGlobalSection
EndGlobal
